
Microsoft Visual Studio Solution File, Format Version 12.00
# Visual Studio Version 16
VisualStudioVersion = 16.0.30907.101
MinimumVisualStudioVersion = 10.0.40219.1
Project("{FAE04EC0-301F-11D3-BF4B-00C04F79EFBC}") = "DamaTahtasıı", "DamaTahtasıı\DamaTahtasıı.csproj", "{4D03AC3A-8DB0-4937-884B-40E778542B08}"
EndProject
Global
	GlobalSection(SolutionConfigurationPlatforms) = preSolution
		Debug|Any CPU = Debug|Any CPU
		Release|Any CPU = Release|Any CPU
	EndGlobalSection
	GlobalSection(ProjectConfigurationPlatforms) = postSolution
		{4D03AC3A-8DB0-4937-884B-40E778542B08}.Debug|Any CPU.ActiveCfg = Debug|Any CPU
		{4D03AC3A-8DB0-4937-884B-40E778542B08}.Debug|Any CPU.Build.0 = Debug|Any CPU
		{4D03AC3A-8DB0-4937-884B-40E778542B08}.Release|Any CPU.ActiveCfg = Release|Any CPU
		{4D03AC3A-8DB0-4937-884B-40E778542B08}.Release|Any CPU.Build.0 = Release|Any CPU
	EndGlobalSection
	GlobalSection(SolutionProperties) = preSolution
		HideSolutionNode = FALSE
	EndGlobalSection
	GlobalSection(ExtensibilityGlobals) = postSolution
		SolutionGuid = {9D31CA82-B094-4155-87DD-A6252780C1D6}
	EndGlobalSection
EndGlobal
